// !$*UTF8*$!
{
	archiveVersion = 1;
	classes = {
	};
	objectVersion = 48;
	objects = {

/* Begin PBXBuildFile section */
		BF6A02E11F7F66A000BB5E72 /* AppDelegate.swift in Sources */ = {isa = PBXBuildFile; fileRef = BF6A02E01F7F66A000BB5E72 /* AppDelegate.swift */; };
		BF6A02E31F7F66A000BB5E72 /* ViewController.swift in Sources */ = {isa = PBXBuildFile; fileRef = BF6A02E21F7F66A000BB5E72 /* ViewController.swift */; };
		BF6A02E61F7F66A000BB5E72 /* Main.storyboard in Resources */ = {isa = PBXBuildFile; fileRef = BF6A02E41F7F66A000BB5E72 /* Main.storyboard */; };
		BF6A02E81F7F66A000BB5E72 /* Assets.xcassets in Resources */ = {isa = PBXBuildFile; fileRef = BF6A02E71F7F66A000BB5E72 /* Assets.xcassets */; };
		BF6A02EB1F7F66A000BB5E72 /* LaunchScreen.storyboard in Resources */ = {isa = PBXBuildFile; fileRef = BF6A02E91F7F66A000BB5E72 /* LaunchScreen.storyboard */; };
		BF6A02F31F7F66D100BB5E72 /* DTs.mlmodel in Sources */ = {isa = PBXBuildFile; fileRef = BF6A02F21F7F66CF00BB5E72 /* DTs.mlmodel */; };
/* End PBXBuildFile section */

/* Begin PBXFileReference section */
		BF6A02DD1F7F66A000BB5E72 /* MLDemo.app */ = {isa = PBXFileReference; explicitFileType = wrapper.application; includeInIndex = 0; path = MLDemo.app; sourceTree = BUILT_PRODUCTS_DIR; };
		BF6A02E01F7F66A000BB5E72 /* AppDelegate.swift */ = {isa = PBXFileReference; lastKnownFileType = sourcecode.swift; path = AppDelegate.swift; sourceTree = "<group>"; };
		BF6A02E21F7F66A000BB5E72 /* ViewController.swift */ = {isa = PBXFileReference; lastKnownFileType = sourcecode.swift; path = ViewController.swift; sourceTree = "<group>"; };
		BF6A02E51F7F66A000BB5E72 /* Base */ = {isa = PBXFileReference; lastKnownFileType = file.storyboard; name = Base; path = Base.lproj/Main.storyboard; sourceTree = "<group>"; };
		BF6A02E71F7F66A000BB5E72 /* Assets.xcassets */ = {isa = PBXFileReference; lastKnownFileType = folder.assetcatalog; path = Assets.xcassets; sourceTree = "<group>"; };
		BF6A02EA1F7F66A000BB5E72 /* Base */ = {isa = PBXFileReference; lastKnownFileType = file.storyboard; name = Base; path = Base.lproj/LaunchScreen.storyboard; sourceTree = "<group>"; };
		BF6A02EC1F7F66A000BB5E72 /* Info.plist */ = {isa = PBXFileReference; lastKnownFileType = text.plist.xml; path = Info.plist; sourceTree = "<group>"; };
		BF6A02F21F7F66CF00BB5E72 /* DTs.mlmodel */ = {isa = PBXFileReference; lastKnownFileType = file.mlmodel; path = DTs.mlmodel; sourceTree = "<group>"; };
/* End PBXFileReference section */

/* Begin PBXFrameworksBuildPhase section */
		BF6A02DA1F7F66A000BB5E72 /* Frameworks */ = {
			isa = PBXFrameworksBuildPhase;
			buildActionMask = 2147483647;
			files = (
			);
			runOnlyForDeploymentPostprocessing = 0;
		};
/* End PBXFrameworksBuildPhase section */

/* Begin PBXGroup section */
		BF6A02D41F7F66A000BB5E72 = {
			isa = PBXGroup;
			children = (
				BF6A02DF1F7F66A000BB5E72 /* MLDemo */,
				BF6A02DE1F7F66A000BB5E72 /* Products */,
			);
			sourceTree = "<group>";
		};
		BF6A02DE1F7F66A000BB5E72 /* Products */ = {
			isa = PBXGroup;
			children = (
				BF6A02DD1F7F66A000BB5E72 /* MLDemo.app */,
			);
			name = Products;
			sourceTree = "<group>";
		};
		BF6A02DF1F7F66A000BB5E72 /* MLDemo */ = {
			isa = PBXGroup;
			children = (
				BF6A02F21F7F66CF00BB5E72 /* DTs.mlmodel */,
				BF6A02E01F7F66A000BB5E72 /* AppDelegate.swift */,
				BF6A02E21F7F66A000BB5E72 /* ViewController.swift */,
				BF6A02E41F7F66A000BB5E72 /* Main.storyboard */,
				BF6A02E71F7F66A000BB5E72 /* Assets.xcassets */,
				BF6A02E91F7F66A000BB5E72 /* LaunchScreen.storyboard */,
				BF6A02EC1F7F66A000BB5E72 /* Info.plist */,
			);
			path = MLDemo;
			sourceTree = "<group>";
		};
/* End PBXGroup section */

/* Begin PBXNativeTarget section */
		BF6A02DC1F7F66A000BB5E72 /* MLDemo */ = {
			isa = PBXNativeTarget;
			buildConfigurationList = BF6A02EF1F7F66A000BB5E72 /* Build configuration list for PBXNativeTarget "MLDemo" */;
			buildPhases = (
				BF6A02D91F7F66A000BB5E72 /* Sources */,
				BF6A02DA1F7F66A000BB5E72 /* Frameworks */,
				BF6A02DB1F7F66A000BB5E72 /* Resources */,
			);
			buildRules = (
			);
			dependencies = (
			);
			name = MLDemo;
			productName = MLDemo;
			productReference = BF6A02DD1F7F66A000BB5E72 /* MLDemo.app */;
			productType = "com.apple.product-type.application";
		};
/* End PBXNativeTarget section */

/* Begin PBXProject section */
		BF6A02D51F7F66A000BB5E72 /* Project object */ = {
			isa = PBXProject;
			attributes = {
				LastSwiftUpdateCheck = 0900;
				LastUpgradeCheck = 0900;
				ORGANIZATIONNAME = louis;
				TargetAttributes = {
					BF6A02DC1F7F66A000BB5E72 = {
						CreatedOnToolsVersion = 9.0;
						ProvisioningStyle = Automatic;
					};
				};
			};
			buildConfigurationList = BF6A02D81F7F66A000BB5E72 /* Build configuration list for PBXProject "MLDemo" */;
			compatibilityVersion = "Xcode 8.0";
			developmentRegion = en;
			hasScannedForEncodings = 0;
			knownRegions = (
				en,
				Base,
			);
			mainGroup = BF6A02D41F7F66A000BB5E72;
			productRefGroup = BF6A02DE1F7F66A000BB5E72 /* Products */;
			projectDirPath = "";
			projectRoot = "";
			targets = (
				BF6A02DC1F7F66A000BB5E72 /* MLDemo */,
			);
		};
/* End PBXProject section */

/* Begin PBXResourcesBuildPhase section */
		BF6A02DB1F7F66A000BB5E72 /* Resources */ = {
			isa = PBXResourcesBuildPhase;
			buildActionMask = 2147483647;
			files = (
				BF6A02EB1F7F66A000BB5E72 /* LaunchScreen.storyboard in Resources */,
				BF6A02E81F7F66A000BB5E72 /* Assets.xcassets in Resources */,
				BF6A02E61F7F66A000BB5E72 /* Main.storyboard in Resources */,
			);
			runOnlyForDeploymentPostprocessing = 0;
		};
/* End PBXResourcesBuildPhase section */

/* Begin PBXSourcesBuildPhase section */
		BF6A02D91F7F66A000BB5E72 /* Sources */ = {
			isa = PBXSourcesBuildPhase;
			buildActionMask = 2147483647;
			files = (
				BF6A02E31F7F66A000BB5E72 /* ViewController.swift in Sources */,
				BF6A02F31F7F66D100BB5E72 /* DTs.mlmodel in Sources */,
				BF6A02E11F7F66A000BB5E72 /* AppDelegate.swift in Sources */,
			);
			runOnlyForDeploymentPostprocessing = 0;
		};
/* End PBXSourcesBuildPhase section */

/* Begin PBXVariantGroup section */
		BF6A02E41F7F66A000BB5E72 /* Main.storyboard */ = {
			isa = PBXVariantGroup;
			children = (
				BF6A02E51F7F66A000BB5E72 /* Base */,
			);
			name = Main.storyboard;
			sourceTree = "<group>";
		};
		BF6A02E91F7F66A000BB5E72 /* LaunchScreen.storyboard */ = {
			isa = PBXVariantGroup;
			children = (
				BF6A02EA1F7F66A000BB5E72 /* Base */,
			);
			name = LaunchScreen.storyboard;
			sourceTree = "<group>";
		};
/* End PBXVariantGroup section */

/* Begin XCBuildConfiguration section */
		BF6A02ED1F7F66A000BB5E72 /* Debug */ = {
			isa = XCBuildConfiguration;
			buildSettings = {
				ALWAYS_SEARCH_USER_PATHS = NO;
				CLANG_ANALYZER_NONNULL = YES;
				CLANG_ANALYZER_NUMBER_OBJECT_CONVERSION = YES_AGGRESSIVE;
				CLANG_CXX_LANGUAGE_STANDARD = "gnu++14";
				CLANG_CXX_LIBRARY = "libc++";
				CLANG_ENABLE_MODULES = YES;
				CLANG_ENABLE_OBJC_ARC = YES;
				CLANG_WARN_BLOCK_CAPTURE_AUTORELEASING = YES;
				CLANG_WARN_BOOL_CONVERSION = YES;
				CLANG_WARN_COMMA = YES;
				CLANG_WARN_CONSTANT_CONVERSION = YES;
				CLANG_WARN_DIRECT_OBJC_ISA_USAGE = YES_ERROR;
				CLANG_WARN_DOCUMENTATION_COMMENTS = YES;
				CLANG_WARN_EMPTY_BODY = YES;
				CLANG_WARN_ENUM_CONVERSION = YES;
				CLANG_WARN_INFINITE_RECURSION = YES;
				CLANG_WARN_INT_CONVERSION = YES;
				CLANG_WARN_NON_LITERAL_NULL_CONVERSION = YES;
				CLANG_WARN_OBJC_LITERAL_CONVERSION = YES;
				CLANG_WARN_OBJC_ROOT_CLASS = YES_ERROR;
				CLANG_WARN_RANGE_LOOP_ANALYSIS = YES;
				CLANG_WARN_STRICT_PROTOTYPES = YES;
				CLANG_WARN_SUSPICIOUS_MOVE = YES;
				CLANG_WARN_UNGUARDED_AVAILABILITY = YES_AGGRESSIVE;
				CLANG_WARN_UNREACHABLE_CODE = YES;
				CLANG_WARN__DUPLICATE_METHOD_MATCH = YES;
				CODE_SIGN_IDENTITY = "iPhone Developer";
				COPY_PHASE_STRIP = NO;
				DEBUG_INFORMATION_FORMAT = dwarf;
				ENABLE_STRICT_OBJC_MSGSEND = YES;
				ENABLE_TESTABILITY = YES;
				GCC_C_LANGUAGE_STANDARD = gnu11;
				GCC_DYNAMIC_NO_PIC = NO;
				GCC_NO_COMMON_BLOCKS = YES;
				GCC_OPTIMIZATION_LEVEL = 0;
				GCC_PREPROCESSOR_DEFINITIONS = (
					"DEBUG=1",
					"$(inherited)",
				);
				GCC_WARN_64_TO_32_BIT_CONVERSION = YES;
				GCC_WARN_ABOUT_RETURN_TYPE = YES_ERROR;
				GCC_WARN_UNDECLARED_SELECTOR = YES;
				GCC_WARN_UNINITIALIZED_AUTOS = YES_AGGRESSIVE;
				GCC_WARN_UNUSED_FUNCTION = YES;
				GCC_WARN_UNUSED_VARIABLE = YES;
				IPHONEOS_DEPLOYMENT_TARGET = 11.0;
				MTL_ENABLE_DEBUG_INFO = YES;
				ONLY_ACTIVE_ARCH = YES;
				SDKROOT = iphoneos;
				SWIFT_ACTIVE_COMPILATION_CONDITIONS = DEBUG;
				SWIFT_OPTIMIZATION_LEVEL = "-Onone";
			};
			name = Debug;
		};
		BF6A02EE1F7F66A000BB5E72 /* Release */ = {
			isa = XCBuildConfiguration;
			buildSettings = {
				ALWAYS_SEARCH_USER_PATHS = NO;
				CLANG_ANALYZER_NONNULL = YES;
				CLANG_ANALYZER_NUMBER_OBJECT_CONVERSION = YES_AGGRESSIVE;
				CLANG_CXX_LANGUAGE_STANDARD = "gnu++14";
				CLANG_CXX_LIBRARY = "libc++";
				CLANG_ENABLE_MODULES = YES;
				CLANG_ENABLE_OBJC_ARC = YES;
				CLANG_WARN_BLOCK_CAPTURE_AUTORELEASING = YES;
				CLANG_WARN_BOOL_CONVERSION = YES;
				CLANG_WARN_COMMA = YES;
				CLANG_WARN_CONSTANT_CONVERSION = YES;
				CLANG_WARN_DIRECT_OBJC_ISA_USAGE = YES_ERROR;
				CLANG_WARN_DOCUMENTATION_COMMENTS = YES;
				CLANG_WARN_EMPTY_BODY = YES;
				CLANG_WARN_ENUM_CONVERSION = YES;
				CLANG_WARN_INFINITE_RECURSION = YES;
				CLANG_WARN_INT_CONVERSION = YES;
				CLANG_WARN_NON_LITERAL_NULL_CONVERSION = YES;
				CLANG_WARN_OBJC_LITERAL_CONVERSION = YES;
				CLANG_WARN_OBJC_ROOT_CLASS = YES_ERROR;
				CLANG_WARN_RANGE_LOOP_ANALYSIS = YES;
				CLANG_WARN_STRICT_PROTOTYPES = YES;
				CLANG_WARN_SUSPICIOUS_MOVE = YES;
				CLANG_WARN_UNGUARDED_AVAILABILITY = YES_AGGRESSIVE;
				CLANG_WARN_UNREACHABLE_CODE = YES;
				CLANG_WARN__DUPLICATE_METHOD_MATCH = YES;
				CODE_SIGN_IDENTITY = "iPhone Developer";
				COPY_PHASE_STRIP = NO;
				DEBUG_INFORMATION_FORMAT = "dwarf-with-dsym";
				ENABLE_NS_ASSERTIONS = NO;
				ENABLE_STRICT_OBJC_MSGSEND = YES;
				GCC_C_LANGUAGE_STANDARD = gnu11;
				GCC_NO_COMMON_BLOCKS = YES;
				GCC_WARN_64_TO_32_BIT_CONVERSION = YES;
				GCC_WARN_ABOUT_RETURN_TYPE = YES_ERROR;
				GCC_WARN_UNDECLARED_SELECTOR = YES;
				GCC_WARN_UNINITIALIZED_AUTOS = YES_AGGRESSIVE;
				GCC_WARN_UNUSED_FUNCTION = YES;
				GCC_WARN_UNUSED_VARIABLE = YES;
				IPHONEOS_DEPLOYMENT_TARGET = 11.0;
				MTL_ENABLE_DEBUG_INFO = NO;
				SDKROOT = iphoneos;
				SWIFT_OPTIMIZATION_LEVEL = "-Owholemodule";
				VALIDATE_PRODUCT = YES;
			};
			name = Release;
		};
		BF6A02F01F7F66A000BB5E72 /* Debug */ = {
			isa = XCBuildConfiguration;
			buildSettings = {
				ASSETCATALOG_COMPILER_APPICON_NAME = AppIcon;
				CODE_SIGN_STYLE = Automatic;
				DEVELOPMENT_TEAM = T62EGVYP72;
				INFOPLIST_FILE = MLDemo/Info.plist;
				LD_RUNPATH_SEARCH_PATHS = "$(inherited) @executable_path/Frameworks";
				PRODUCT_BUNDLE_IDENTIFIER = com.anvapp.MLDemo;
				PRODUCT_NAME = "$(TARGET_NAME)";
				SWIFT_VERSION = 4.0;
				TARGETED_DEVICE_FAMILY = "1,2";
			};
			name = Debug;
		};
		BF6A02F11F7F66A000BB5E72 /* Release */ = {
			isa = XCBuildConfiguration;
			buildSettings = {
				ASSETCATALOG_COMPILER_APPICON_NAME = AppIcon;
				CODE_SIGN_STYLE = Automatic;
				DEVELOPMENT_TEAM = T62EGVYP72;
				INFOPLIST_FILE = MLDemo/Info.plist;
				LD_RUNPATH_SEARCH_PATHS = "$(inherited) @executable_path/Frameworks";
				PRODUCT_BUNDLE_IDENTIFIER = com.anvapp.MLDemo;
				PRODUCT_NAME = "$(TARGET_NAME)";
				SWIFT_VERSION = 4.0;
				TARGETED_DEVICE_FAMILY = "1,2";
			};
			name = Release;
		};
/* End XCBuildConfiguration section */

/* Begin XCConfigurationList section */
		BF6A02D81F7F66A000BB5E72 /* Build configuration list for PBXProject "MLDemo" */ = {
			isa = XCConfigurationList;
			buildConfigurations = (
				BF6A02ED1F7F66A000BB5E72 /* Debug */,
				BF6A02EE1F7F66A000BB5E72 /* Release */,
			);
			defaultConfigurationIsVisible = 0;
			defaultConfigurationName = Release;
		};
		BF6A02EF1F7F66A000BB5E72 /* Build configuration list for PBXNativeTarget "MLDemo" */ = {
			isa = XCConfigurationList;
			buildConfigurations = (
				BF6A02F01F7F66A000BB5E72 /* Debug */,
				BF6A02F11F7F66A000BB5E72 /* Release */,
			);
			defaultConfigurationIsVisible = 0;
			defaultConfigurationName = Release;
		};
/* End XCConfigurationList section */
	};
	rootObject = BF6A02D51F7F66A000BB5E72 /* Project object */;
}
